
Microsoft Visual Studio Solution File, Format Version 12.00
# Visual Studio Version 17
VisualStudioVersion = 17.11.35208.52
MinimumVisualStudioVersion = 10.0.40219.1
Project("{FAE04EC0-301F-11D3-BF4B-00C04F79EFBC}") = "Geladeria2", "Geladeria2\Geladeria2.csproj", "{95D45F84-B191-4C5C-B5D5-35BC1886CC58}"
EndProject
Global
	GlobalSection(SolutionConfigurationPlatforms) = preSolution
		Debug|Any CPU = Debug|Any CPU
		Release|Any CPU = Release|Any CPU
	EndGlobalSection
	GlobalSection(ProjectConfigurationPlatforms) = postSolution
		{95D45F84-B191-4C5C-B5D5-35BC1886CC58}.Debug|Any CPU.ActiveCfg = Debug|Any CPU
		{95D45F84-B191-4C5C-B5D5-35BC1886CC58}.Debug|Any CPU.Build.0 = Debug|Any CPU
		{95D45F84-B191-4C5C-B5D5-35BC1886CC58}.Release|Any CPU.ActiveCfg = Release|Any CPU
		{95D45F84-B191-4C5C-B5D5-35BC1886CC58}.Release|Any CPU.Build.0 = Release|Any CPU
	EndGlobalSection
	GlobalSection(SolutionProperties) = preSolution
		HideSolutionNode = FALSE
	EndGlobalSection
	GlobalSection(ExtensibilityGlobals) = postSolution
		SolutionGuid = {4299B844-8C1C-4537-8D26-2EA01FD8C775}
	EndGlobalSection
EndGlobal
